version = 1
revision = 3
requires-python = "==3.12.*"

[[package]]
name = "mlx"
version = "0.32.2"
source = { registry = "https://pypi.org/simple" }
dependencies = [
    { name = "mlx-metal", marker = "sys_platform == 'darwin'" },
]
wheels = [
    { url = "https://files.pythonhosted.org/packages/38/f7/5664e13821491559c953494e6705c818203d6880d713a0c22e12bead9564/mlx-0.32.2-cp312-cp312-macosx_14_0_arm64.whl", hash = "sha256:77217798a2b036bae9f213b851d4cde4581893787c9964458b7d471f86036bd6", size = 619370, upload-time = "2026-08-25T10:31:44.235Z" },
    { url = "https://files.pythonhosted.org/packages/bc/be/c821eed5b7c13b42c114aec54c757545d6eeecce25d3212ea7d18dd79cfd/mlx-0.32.2-cp312-cp312-macosx_15_0_arm64.whl", hash = "sha256:cf63fd5c32258ab07523b06401c20ee2280bf56e26e991d05bf6fd8a4d42d1f6", size = 619376, upload-time = "2026-08-25T10:31:45.647Z" },
    { url = "https://files.pythonhosted.org/packages/0b/eb/af6b1a8b45f24d22e4735c52e0696c66233bd477e1b9e9dbbef225bdf88b/mlx-0.32.2-cp312-cp312-macosx_26_0_arm64.whl", hash = "sha256:68560fd648c5bb900aa6f6765cd74c5a8abaf092d97d73584a57b7545966c227", size = 619488, upload-time = "2026-08-25T10:31:47.485Z" },
    { url = "https://files.pythonhosted.org/packages/42/9c/1acf68f9d27d24bf1abeb0b2cff93155e93af81af2f3f08206f8a32bbf86/mlx-0.32.2-cp312-cp312-manylinux_2_35_aarch64.whl", hash = "sha256:48e8738b078eeb7bfde74931fc02d8aa9c32f05d3c0dbf97b5c3cbe0470fbddf", size = 680208, upload-time = "2026-08-25T10:31:48.93Z" },
    { url = "https://files.pythonhosted.org/packages/e2/3b/d8cf1d13dd2d434095818cc6d28211e00b891a4a58a07b5ad5f0529a8162/mlx-0.32.2-cp312-cp312-manylinux_2_35_x86_64.whl", hash = "sha256:8d270ade1e48e006383a6b5f33a3a4ec5c265389299a60a60bf55165af1770d9", size = 743277, upload-time = "2026-08-25T10:31:50.351Z" },
    { url = "https://files.pythonhosted.org/packages/11/3b/f191c8f7ed84d50370fa8e4d390ed747dddd148c03756c8b7d4f7feb9084/mlx-0.32.2-cp312-cp312-win_amd64.whl", hash = "sha256:6c615ad1c6877d7d38affe8526446955cd48d6796e871150f59145cf0d1a265d", size = 620981, upload-time = "2026-08-25T10:31:51.749Z" },
    { url = "https://files.pythonhosted.org/packages/6d/54/4b8b690a5322a92271214e49480d083f253ab48c81825ade92473828846f/mlx-0.32.2-cp312-cp312-win_arm64.whl", hash = "sha256:65beb9ce75153072808ef18913ecca3d929b87be5d7c1f57d9df391c04b6f957", size = 607910, upload-time = "2026-08-25T10:31:53.269Z" },
]

[[package]]
name = "mlx-metal"
version = "0.32.2"
source = { registry = "https://pypi.org/simple" }
wheels = [
    { url = "https://files.pythonhosted.org/packages/f7/ab/ba1952908c5d2a5070cf1cfbfea0161c4751ea62299e2776819810917483/mlx_metal-0.32.2-py3-none-macosx_14_0_arm64.whl", hash = "sha256:3825fff379dbc107dd3413e564a06caeaa24819910ec49c0439e454c06a1b9b8", size = 42516623, upload-time = "2026-08-25T10:31:18.396Z" },
    { url = "https://files.pythonhosted.org/packages/79/ec/34f37376e26d537fadffb99af3a760d6545e37f5e1a30a552baadf237fc5/mlx_metal-0.32.2-py3-none-macosx_15_0_arm64.whl", hash = "sha256:55a369250d220b2cf10213a87a2ac1b1a420608c5b35b1df4e7147ac8e32f121", size = 42512323, upload-time = "2026-08-25T10:31:22.673Z" },
    { url = "https://files.pythonhosted.org/packages/dd/cd/4e50bf325100e7165e13d025f264362bf0009196269f9eaf87f2c6e738a2/mlx_metal-0.32.2-py3-none-macosx_26_0_arm64.whl", hash = "sha256:e6abeac9ac5265830c9c1541b6f96e9be37a85c2446763a46ad466c63a3837ab", size = 64367860, upload-time = "2026-08-25T10:31:28.056Z" },
]

[[package]]
name = "numpy"
version = "2.5.3"
source = { registry = "https://pypi.org/simple" }
sdist = { url = "https://files.pythonhosted.org/packages/13/01/11703282db468b85f6f7b8c7f22d058de5970d5c7e60a3a8aaa313c3de36/numpy-2.5.3.tar.gz", hash = "sha256:df2d5874ff183595a4ba404edd04f6bd9b5505c1d7708573f6a6c17489a67563", size = 20791231, upload-time = "2026-09-06T16:27:47.073Z" }
wheels = [
    { url = "https://files.pythonhosted.org/packages/d6/50/8fdbb16af64895706a45f06a4068e29db732ec180f3c1375f14123359138/numpy-2.5.3-cp312-cp312-macosx_10_13_x86_64.whl", hash = "sha256:cb189f09db39283b26bfd061ec16189e14f71c6755207f72a0f7540867afe5b9", size = 16994982, upload-time = "2026-09-06T16:24:29.244Z" },
    { url = "https://files.pythonhosted.org/packages/60/39/789131c1188c078dcb3a1692e72e1e050c68b88ffe72c9ccaac9bcd7a9cd/numpy-2.5.3-cp312-cp312-macosx_11_0_arm64.whl", hash = "sha256:f59a878c33d6b88122d80d239bb3b845d58708750b0cb06a09aebb9b18ec696c", size = 12009327, upload-time = "2026-09-06T16:24:32.491Z" },
    { url = "https://files.pythonhosted.org/packages/9c/59/a312e95696e5f601914dd8b6dd844692ba61670807417e24b68e337b5c70/numpy-2.5.3-cp312-cp312-macosx_14_0_arm64.whl", hash = "sha256:a72f874bc9e10e4b8f80426fb49716d5141f64442a0c8418065093ec8017fbb0", size = 5445405, upload-time = "2026-09-06T16:24:35.071Z" },
    { url = "https://files.pythonhosted.org/packages/30/d0/5623a1707ed4fe16e3909fe3cf5ee3da004ae677ad23d83bbf3adf1a6faf/numpy-2.5.3-cp312-cp312-macosx_14_0_x86_64.whl", hash = "sha256:fc36dc566135b5eceec4cf89758fcb719266a019ef07dae1754ae7c9f617ef3e", size = 6783213, upload-time = "2026-09-06T16:24:37.253Z" },
    { url = "https://files.pythonhosted.org/packages/f1/32/84146fc020ad3c25f805f70ab60da46fe3c540a21369754a7e4369754b6f/numpy-2.5.3-cp312-cp312-manylinux_2_27_aarch64.manylinux_2_28_aarch64.whl", hash = "sha256:76c2c1e6bfa5c84adc6434dfbf013aa92096a7985221762c8f11fedfd20fff58", size = 15687872, upload-time = "2026-09-06T16:24:39.751Z" },
    { url = "https://files.pythonhosted.org/packages/65/af/aa78d1a88805456e212b65461354cd943197fb9acecc4c90fd12295123a3/numpy-2.5.3-cp312-cp312-manylinux_2_27_x86_64.manylinux_2_28_x86_64.whl", hash = "sha256:b7e18c623bb5c95acb3b3328861272816ba199fb531921c5d6d0b675f1fde9e3", size = 16717410, upload-time = "2026-09-06T16:24:42.745Z" },
    { url = "https://files.pythonhosted.org/packages/3b/24/faa79d865e69a97ba17473b23a1b74094b2259c03e820c70297293b9ea49/numpy-2.5.3-cp312-cp312-musllinux_1_2_aarch64.whl", hash = "sha256:4f8929ee6c96bfbd7b4ed2032e0c03af86fe1826740ab61ddabf9072d06e57ff", size = 17040975, upload-time = "2026-09-06T16:24:45.961Z" },
    { url = "https://files.pythonhosted.org/packages/62/4a/8877e629445a7176297dffcaf9c485faa96a95d81728a62521ad55bd4c0f/numpy-2.5.3-cp312-cp312-musllinux_1_2_x86_64.whl", hash = "sha256:b5d93cf48f687479941d12b69c873ad2cc76bbd487f0091c2200636497f34034", size = 18476479, upload-time = "2026-09-06T16:24:49.35Z" },
    { url = "https://files.pythonhosted.org/packages/c8/db/35e1c2d38b04cbd5b731f9d71495e055e813197669d22b612f11748d2ff9/numpy-2.5.3-cp312-cp312-win32.whl", hash = "sha256:bf63afbe037eb5d2fe87fbcc7778e61da53ebaf21d938a4515aa73b62532a5d4", size = 6133378, upload-time = "2026-09-06T16:24:51.915Z" },
    { url = "https://files.pythonhosted.org/packages/3c/a1/accf6d4f0c80c5d9ba9735d6b1550e444180599f34dec69ca01360f717ad/numpy-2.5.3-cp312-cp312-win_amd64.whl", hash = "sha256:0a59a421a32580a009e8a1751345bf829631b990dc1794b80514ab722b435def", size = 12567828, upload-time = "2026-09-06T16:24:54.255Z" },
    { url = "https://files.pythonhosted.org/packages/22/43/1764aff32e4652526ae2f71fa8b3efd8d25c8a3d6926914454e47138ed1e/numpy-2.5.3-cp312-cp312-win_arm64.whl", hash = "sha256:ccb32e0525d29e8b0572eb84c9a57af0e7a4e615726927506f55063c62414034", size = 10485432, upload-time = "2026-09-06T16:24:57.278Z" },
]

[[package]]
name = "rl"
version = "0.1.0"
source = { virtual = "." }
dependencies = [
    { name = "mlx" },
    { name = "numpy" },
]

[package.metadata]
requires-dist = [
    { name = "mlx", specifier = ">=0.32.2" },
    { name = "numpy" },
]
